// !$*UTF8*$!
{
	archiveVersion = 1;
	classes = {
	};
	objectVersion = 46;
	objects = {

/* Begin PBXBuildFile section */
		81DD9FA519E46DCF00D8FB63 /* main.m in Sources */ = {isa = PBXBuildFile; fileRef = 81DD9FA419E46DCF00D8FB63 /* main.m */; };
		81DD9FA819E46DCF00D8FB63 /* AppDelegate.m in Sources */ = {isa = PBXBuildFile; fileRef = 81DD9FA719E46DCF00D8FB63 /* AppDelegate.m */; };
		81DD9FAB19E46DCF00D8FB63 /* ViewController.m in Sources */ = {isa = PBXBuildFile; fileRef = 81DD9FAA19E46DCF00D8FB63 /* ViewController.m */; };
		81DD9FAE19E46DCF00D8FB63 /* Main.storyboard in Resources */ = {isa = PBXBuildFile; fileRef = 81DD9FAC19E46DCF00D8FB63 /* Main.storyboard */; };
		81DD9FB019E46DCF00D8FB63 /* Images.xcassets in Resources */ = {isa = PBXBuildFile; fileRef = 81DD9FAF19E46DCF00D8FB63 /* Images.xcassets */; };
		81DD9FB319E46DCF00D8FB63 /* LaunchScreen.xib in Resources */ = {isa = PBXBuildFile; fileRef = 81DD9FB119E46DCF00D8FB63 /* LaunchScreen.xib */; };
		81DD9FBF19E46DCF00D8FB63 /* MCMSTests.m in Sources */ = {isa = PBXBuildFile; fileRef = 81DD9FBE19E46DCF00D8FB63 /* MCMSTests.m */; };
		81DD9FCA19E46E2A00D8FB63 /* MagicalCreature.m in Sources */ = {isa = PBXBuildFile; fileRef = 81DD9FC919E46E2A00D8FB63 /* MagicalCreature.m */; };
		81DD9FCD19E47E5F00D8FB63 /* CreatureViewController.m in Sources */ = {isa = PBXBuildFile; fileRef = 81DD9FCC19E47E5F00D8FB63 /* CreatureViewController.m */; };
/* End PBXBuildFile section */

/* Begin PBXContainerItemProxy section */
		81DD9FB919E46DCF00D8FB63 /* PBXContainerItemProxy */ = {
			isa = PBXContainerItemProxy;
			containerPortal = 81DD9F9719E46DCF00D8FB63 /* Project object */;
			proxyType = 1;
			remoteGlobalIDString = 81DD9F9E19E46DCF00D8FB63;
			remoteInfo = MCMS;
		};
/* End PBXContainerItemProxy section */

/* Begin PBXFileReference section */
		81DD9F9F19E46DCF00D8FB63 /* MCMS.app */ = {isa = PBXFileReference; explicitFileType = wrapper.application; includeInIndex = 0; path = MCMS.app; sourceTree = BUILT_PRODUCTS_DIR; };
		81DD9FA319E46DCF00D8FB63 /* Info.plist */ = {isa = PBXFileReference; lastKnownFileType = text.plist.xml; path = Info.plist; sourceTree = "<group>"; };
		81DD9FA419E46DCF00D8FB63 /* main.m */ = {isa = PBXFileReference; lastKnownFileType = sourcecode.c.objc; path = main.m; sourceTree = "<group>"; };
		81DD9FA619E46DCF00D8FB63 /* AppDelegate.h */ = {isa = PBXFileReference; lastKnownFileType = sourcecode.c.h; path = AppDelegate.h; sourceTree = "<group>"; };
		81DD9FA719E46DCF00D8FB63 /* AppDelegate.m */ = {isa = PBXFileReference; lastKnownFileType = sourcecode.c.objc; path = AppDelegate.m; sourceTree = "<group>"; };
		81DD9FA919E46DCF00D8FB63 /* ViewController.h */ = {isa = PBXFileReference; lastKnownFileType = sourcecode.c.h; path = ViewController.h; sourceTree = "<group>"; };
		81DD9FAA19E46DCF00D8FB63 /* ViewController.m */ = {isa = PBXFileReference; lastKnownFileType = sourcecode.c.objc; path = ViewController.m; sourceTree = "<group>"; };
		81DD9FAD19E46DCF00D8FB63 /* Base */ = {isa = PBXFileReference; lastKnownFileType = file.storyboard; name = Base; path = Base.lproj/Main.storyboard; sourceTree = "<group>"; };
		81DD9FAF19E46DCF00D8FB63 /* Images.xcassets */ = {isa = PBXFileReference; lastKnownFileType = folder.assetcatalog; path = Images.xcassets; sourceTree = "<group>"; };
		81DD9FB219E46DCF00D8FB63 /* Base */ = {isa = PBXFileReference; lastKnownFileType = file.xib; name = Base; path = Base.lproj/LaunchScreen.xib; sourceTree = "<group>"; };
		81DD9FB819E46DCF00D8FB63 /* MCMSTests.xctest */ = {isa = PBXFileReference; explicitFileType = wrapper.cfbundle; includeInIndex = 0; path = MCMSTests.xctest; sourceTree = BUILT_PRODUCTS_DIR; };
		81DD9FBD19E46DCF00D8FB63 /* Info.plist */ = {isa = PBXFileReference; lastKnownFileType = text.plist.xml; path = Info.plist; sourceTree = "<group>"; };
		81DD9FBE19E46DCF00D8FB63 /* MCMSTests.m */ = {isa = PBXFileReference; lastKnownFileType = sourcecode.c.objc; path = MCMSTests.m; sourceTree = "<group>"; };
		81DD9FC819E46E2A00D8FB63 /* MagicalCreature.h */ = {isa = PBXFileReference; fileEncoding = 4; lastKnownFileType = sourcecode.c.h; path = MagicalCreature.h; sourceTree = "<group>"; };
		81DD9FC919E46E2A00D8FB63 /* MagicalCreature.m */ = {isa = PBXFileReference; fileEncoding = 4; lastKnownFileType = sourcecode.c.objc; path = MagicalCreature.m; sourceTree = "<group>"; };
		81DD9FCB19E47E5F00D8FB63 /* CreatureViewController.h */ = {isa = PBXFileReference; fileEncoding = 4; lastKnownFileType = sourcecode.c.h; path = CreatureViewController.h; sourceTree = "<group>"; };
		81DD9FCC19E47E5F00D8FB63 /* CreatureViewController.m */ = {isa = PBXFileReference; fileEncoding = 4; lastKnownFileType = sourcecode.c.objc; path = CreatureViewController.m; sourceTree = "<group>"; };
/* End PBXFileReference section */

/* Begin PBXFrameworksBuildPhase section */
		81DD9F9C19E46DCF00D8FB63 /* Frameworks */ = {
			isa = PBXFrameworksBuildPhase;
			buildActionMask = 2147483647;
			files = (
			);
			runOnlyForDeploymentPostprocessing = 0;
		};
		81DD9FB519E46DCF00D8FB63 /* Frameworks */ = {
			isa = PBXFrameworksBuildPhase;
			buildActionMask = 2147483647;
			files = (
			);
			runOnlyForDeploymentPostprocessing = 0;
		};
/* End PBXFrameworksBuildPhase section */

/* Begin PBXGroup section */
		81DD9F9619E46DCF00D8FB63 = {
			isa = PBXGroup;
			children = (
				81DD9FA119E46DCF00D8FB63 /* MCMS */,
				81DD9FBB19E46DCF00D8FB63 /* MCMSTests */,
				81DD9FA019E46DCF00D8FB63 /* Products */,
			);
			sourceTree = "<group>";
		};
		81DD9FA019E46DCF00D8FB63 /* Products */ = {
			isa = PBXGroup;
			children = (
				81DD9F9F19E46DCF00D8FB63 /* MCMS.app */,
				81DD9FB819E46DCF00D8FB63 /* MCMSTests.xctest */,
			);
			name = Products;
			sourceTree = "<group>";
		};
		81DD9FA119E46DCF00D8FB63 /* MCMS */ = {
			isa = PBXGroup;
			children = (
				81DD9FAC19E46DCF00D8FB63 /* Main.storyboard */,
				81DD9FA919E46DCF00D8FB63 /* ViewController.h */,
				81DD9FAA19E46DCF00D8FB63 /* ViewController.m */,
				81DD9FC819E46E2A00D8FB63 /* MagicalCreature.h */,
				81DD9FC919E46E2A00D8FB63 /* MagicalCreature.m */,
				81DD9FCB19E47E5F00D8FB63 /* CreatureViewController.h */,
				81DD9FCC19E47E5F00D8FB63 /* CreatureViewController.m */,
				81DD9FA219E46DCF00D8FB63 /* Supporting Files */,
			);
			path = MCMS;
			sourceTree = "<group>";
		};
		81DD9FA219E46DCF00D8FB63 /* Supporting Files */ = {
			isa = PBXGroup;
			children = (
				81DD9FAF19E46DCF00D8FB63 /* Images.xcassets */,
				81DD9FA619E46DCF00D8FB63 /* AppDelegate.h */,
				81DD9FA719E46DCF00D8FB63 /* AppDelegate.m */,
				81DD9FB119E46DCF00D8FB63 /* LaunchScreen.xib */,
				81DD9FA319E46DCF00D8FB63 /* Info.plist */,
				81DD9FA419E46DCF00D8FB63 /* main.m */,
			);
			name = "Supporting Files";
			sourceTree = "<group>";
		};
		81DD9FBB19E46DCF00D8FB63 /* MCMSTests */ = {
			isa = PBXGroup;
			children = (
				81DD9FBE19E46DCF00D8FB63 /* MCMSTests.m */,
				81DD9FBC19E46DCF00D8FB63 /* Supporting Files */,
			);
			path = MCMSTests;
			sourceTree = "<group>";
		};
		81DD9FBC19E46DCF00D8FB63 /* Supporting Files */ = {
			isa = PBXGroup;
			children = (
				81DD9FBD19E46DCF00D8FB63 /* Info.plist */,
			);
			name = "Supporting Files";
			sourceTree = "<group>";
		};
/* End PBXGroup section */

/* Begin PBXNativeTarget section */
		81DD9F9E19E46DCF00D8FB63 /* MCMS */ = {
			isa = PBXNativeTarget;
			buildConfigurationList = 81DD9FC219E46DCF00D8FB63 /* Build configuration list for PBXNativeTarget "MCMS" */;
			buildPhases = (
				81DD9F9B19E46DCF00D8FB63 /* Sources */,
				81DD9F9C19E46DCF00D8FB63 /* Frameworks */,
				81DD9F9D19E46DCF00D8FB63 /* Resources */,
			);
			buildRules = (
			);
			dependencies = (
			);
			name = MCMS;
			productName = MCMS;
			productReference = 81DD9F9F19E46DCF00D8FB63 /* MCMS.app */;
			productType = "com.apple.product-type.application";
		};
		81DD9FB719E46DCF00D8FB63 /* MCMSTests */ = {
			isa = PBXNativeTarget;
			buildConfigurationList = 81DD9FC519E46DCF00D8FB63 /* Build configuration list for PBXNativeTarget "MCMSTests" */;
			buildPhases = (
				81DD9FB419E46DCF00D8FB63 /* Sources */,
				81DD9FB519E46DCF00D8FB63 /* Frameworks */,
				81DD9FB619E46DCF00D8FB63 /* Resources */,
			);
			buildRules = (
			);
			dependencies = (
				81DD9FBA19E46DCF00D8FB63 /* PBXTargetDependency */,
			);
			name = MCMSTests;
			productName = MCMSTests;
			productReference = 81DD9FB819E46DCF00D8FB63 /* MCMSTests.xctest */;
			productType = "com.apple.product-type.bundle.unit-test";
		};
/* End PBXNativeTarget section */

/* Begin PBXProject section */
		81DD9F9719E46DCF00D8FB63 /* Project object */ = {
			isa = PBXProject;
			attributes = {
				LastUpgradeCheck = 0600;
				ORGANIZATIONNAME = "Big Nerd Ranch";
				TargetAttributes = {
					81DD9F9E19E46DCF00D8FB63 = {
						CreatedOnToolsVersion = 6.0.1;
					};
					81DD9FB719E46DCF00D8FB63 = {
						CreatedOnToolsVersion = 6.0.1;
						TestTargetID = 81DD9F9E19E46DCF00D8FB63;
					};
				};
			};
			buildConfigurationList = 81DD9F9A19E46DCF00D8FB63 /* Build configuration list for PBXProject "MCMS" */;
			compatibilityVersion = "Xcode 3.2";
			developmentRegion = English;
			hasScannedForEncodings = 0;
			knownRegions = (
				en,
				Base,
			);
			mainGroup = 81DD9F9619E46DCF00D8FB63;
			productRefGroup = 81DD9FA019E46DCF00D8FB63 /* Products */;
			projectDirPath = "";
			projectRoot = "";
			targets = (
				81DD9F9E19E46DCF00D8FB63 /* MCMS */,
				81DD9FB719E46DCF00D8FB63 /* MCMSTests */,
			);
		};
/* End PBXProject section */

/* Begin PBXResourcesBuildPhase section */
		81DD9F9D19E46DCF00D8FB63 /* Resources */ = {
			isa = PBXResourcesBuildPhase;
			buildActionMask = 2147483647;
			files = (
				81DD9FAE19E46DCF00D8FB63 /* Main.storyboard in Resources */,
				81DD9FB319E46DCF00D8FB63 /* LaunchScreen.xib in Resources */,
				81DD9FB019E46DCF00D8FB63 /* Images.xcassets in Resources */,
			);
			runOnlyForDeploymentPostprocessing = 0;
		};
		81DD9FB619E46DCF00D8FB63 /* Resources */ = {
			isa = PBXResourcesBuildPhase;
			buildActionMask = 2147483647;
			files = (
			);
			runOnlyForDeploymentPostprocessing = 0;
		};
/* End PBXResourcesBuildPhase section */

/* Begin PBXSourcesBuildPhase section */
		81DD9F9B19E46DCF00D8FB63 /* Sources */ = {
			isa = PBXSourcesBuildPhase;
			buildActionMask = 2147483647;
			files = (
				81DD9FAB19E46DCF00D8FB63 /* ViewController.m in Sources */,
				81DD9FCA19E46E2A00D8FB63 /* MagicalCreature.m in Sources */,
				81DD9FA819E46DCF00D8FB63 /* AppDelegate.m in Sources */,
				81DD9FCD19E47E5F00D8FB63 /* CreatureViewController.m in Sources */,
				81DD9FA519E46DCF00D8FB63 /* main.m in Sources */,
			);
			runOnlyForDeploymentPostprocessing = 0;
		};
		81DD9FB419E46DCF00D8FB63 /* Sources */ = {
			isa = PBXSourcesBuildPhase;
			buildActionMask = 2147483647;
			files = (
				81DD9FBF19E46DCF00D8FB63 /* MCMSTests.m in Sources */,
			);
			runOnlyForDeploymentPostprocessing = 0;
		};
/* End PBXSourcesBuildPhase section */

/* Begin PBXTargetDependency section */
		81DD9FBA19E46DCF00D8FB63 /* PBXTargetDependency */ = {
			isa = PBXTargetDependency;
			target = 81DD9F9E19E46DCF00D8FB63 /* MCMS */;
			targetProxy = 81DD9FB919E46DCF00D8FB63 /* PBXContainerItemProxy */;
		};
/* End PBXTargetDependency section */

/* Begin PBXVariantGroup section */
		81DD9FAC19E46DCF00D8FB63 /* Main.storyboard */ = {
			isa = PBXVariantGroup;
			children = (
				81DD9FAD19E46DCF00D8FB63 /* Base */,
			);
			name = Main.storyboard;
			sourceTree = "<group>";
		};
		81DD9FB119E46DCF00D8FB63 /* LaunchScreen.xib */ = {
			isa = PBXVariantGroup;
			children = (
				81DD9FB219E46DCF00D8FB63 /* Base */,
			);
			name = LaunchScreen.xib;
			sourceTree = "<group>";
		};
/* End PBXVariantGroup section */

/* Begin XCBuildConfiguration section */
		81DD9FC019E46DCF00D8FB63 /* Debug */ = {
			isa = XCBuildConfiguration;
			buildSettings = {
				ALWAYS_SEARCH_USER_PATHS = NO;
				CLANG_CXX_LANGUAGE_STANDARD = "gnu++0x";
				CLANG_CXX_LIBRARY = "libc++";
				CLANG_ENABLE_MODULES = YES;
				CLANG_ENABLE_OBJC_ARC = YES;
				CLANG_WARN_BOOL_CONVERSION = YES;
				CLANG_WARN_CONSTANT_CONVERSION = YES;
				CLANG_WARN_DIRECT_OBJC_ISA_USAGE = YES_ERROR;
				CLANG_WARN_EMPTY_BODY = YES;
				CLANG_WARN_ENUM_CONVERSION = YES;
				CLANG_WARN_INT_CONVERSION = YES;
				CLANG_WARN_OBJC_ROOT_CLASS = YES_ERROR;
				CLANG_WARN_UNREACHABLE_CODE = YES;
				CLANG_WARN__DUPLICATE_METHOD_MATCH = YES;
				"CODE_SIGN_IDENTITY[sdk=iphoneos*]" = "iPhone Developer";
				COPY_PHASE_STRIP = NO;
				ENABLE_STRICT_OBJC_MSGSEND = YES;
				GCC_C_LANGUAGE_STANDARD = gnu99;
				GCC_DYNAMIC_NO_PIC = NO;
				GCC_OPTIMIZATION_LEVEL = 0;
				GCC_PREPROCESSOR_DEFINITIONS = (
					"DEBUG=1",
					"$(inherited)",
				);
				GCC_SYMBOLS_PRIVATE_EXTERN = NO;
				GCC_WARN_64_TO_32_BIT_CONVERSION = YES;
				GCC_WARN_ABOUT_RETURN_TYPE = YES_ERROR;
				GCC_WARN_UNDECLARED_SELECTOR = YES;
				GCC_WARN_UNINITIALIZED_AUTOS = YES_AGGRESSIVE;
				GCC_WARN_UNUSED_FUNCTION = YES;
				GCC_WARN_UNUSED_VARIABLE = YES;
				IPHONEOS_DEPLOYMENT_TARGET = 8.0;
				MTL_ENABLE_DEBUG_INFO = YES;
				ONLY_ACTIVE_ARCH = YES;
				SDKROOT = iphoneos;
			};
			name = Debug;
		};
		81DD9FC119E46DCF00D8FB63 /* Release */ = {
			isa = XCBuildConfiguration;
			buildSettings = {
				ALWAYS_SEARCH_USER_PATHS = NO;
				CLANG_CXX_LANGUAGE_STANDARD = "gnu++0x";
				CLANG_CXX_LIBRARY = "libc++";
				CLANG_ENABLE_MODULES = YES;
				CLANG_ENABLE_OBJC_ARC = YES;
				CLANG_WARN_BOOL_CONVERSION = YES;
				CLANG_WARN_CONSTANT_CONVERSION = YES;
				CLANG_WARN_DIRECT_OBJC_ISA_USAGE = YES_ERROR;
				CLANG_WARN_EMPTY_BODY = YES;
				CLANG_WARN_ENUM_CONVERSION = YES;
				CLANG_WARN_INT_CONVERSION = YES;
				CLANG_WARN_OBJC_ROOT_CLASS = YES_ERROR;
				CLANG_WARN_UNREACHABLE_CODE = YES;
				CLANG_WARN__DUPLICATE_METHOD_MATCH = YES;
				"CODE_SIGN_IDENTITY[sdk=iphoneos*]" = "iPhone Developer";
				COPY_PHASE_STRIP = YES;
				ENABLE_NS_ASSERTIONS = NO;
				ENABLE_STRICT_OBJC_MSGSEND = YES;
				GCC_C_LANGUAGE_STANDARD = gnu99;
				GCC_WARN_64_TO_32_BIT_CONVERSION = YES;
				GCC_WARN_ABOUT_RETURN_TYPE = YES_ERROR;
				GCC_WARN_UNDECLARED_SELECTOR = YES;
				GCC_WARN_UNINITIALIZED_AUTOS = YES_AGGRESSIVE;
				GCC_WARN_UNUSED_FUNCTION = YES;
				GCC_WARN_UNUSED_VARIABLE = YES;
				IPHONEOS_DEPLOYMENT_TARGET = 8.0;
				MTL_ENABLE_DEBUG_INFO = NO;
				SDKROOT = iphoneos;
				VALIDATE_PRODUCT = YES;
			};
			name = Release;
		};
		81DD9FC319E46DCF00D8FB63 /* Debug */ = {
			isa = XCBuildConfiguration;
			buildSettings = {
				ASSETCATALOG_COMPILER_APPICON_NAME = AppIcon;
				INFOPLIST_FILE = MCMS/Info.plist;
				LD_RUNPATH_SEARCH_PATHS = "$(inherited) @executable_path/Frameworks";
				PRODUCT_NAME = "$(TARGET_NAME)";
			};
			name = Debug;
		};
		81DD9FC419E46DCF00D8FB63 /* Release */ = {
			isa = XCBuildConfiguration;
			buildSettings = {
				ASSETCATALOG_COMPILER_APPICON_NAME = AppIcon;
				INFOPLIST_FILE = MCMS/Info.plist;
				LD_RUNPATH_SEARCH_PATHS = "$(inherited) @executable_path/Frameworks";
				PRODUCT_NAME = "$(TARGET_NAME)";
			};
			name = Release;
		};
		81DD9FC619E46DCF00D8FB63 /* Debug */ = {
			isa = XCBuildConfiguration;
			buildSettings = {
				BUNDLE_LOADER = "$(TEST_HOST)";
				FRAMEWORK_SEARCH_PATHS = (
					"$(SDKROOT)/Developer/Library/Frameworks",
					"$(inherited)",
				);
				GCC_PREPROCESSOR_DEFINITIONS = (
					"DEBUG=1",
					"$(inherited)",
				);
				INFOPLIST_FILE = MCMSTests/Info.plist;
				LD_RUNPATH_SEARCH_PATHS = "$(inherited) @executable_path/Frameworks @loader_path/Frameworks";
				PRODUCT_NAME = "$(TARGET_NAME)";
				TEST_HOST = "$(BUILT_PRODUCTS_DIR)/MCMS.app/MCMS";
			};
			name = Debug;
		};
		81DD9FC719E46DCF00D8FB63 /* Release */ = {
			isa = XCBuildConfiguration;
			buildSettings = {
				BUNDLE_LOADER = "$(TEST_HOST)";
				FRAMEWORK_SEARCH_PATHS = (
					"$(SDKROOT)/Developer/Library/Frameworks",
					"$(inherited)",
				);
				INFOPLIST_FILE = MCMSTests/Info.plist;
				LD_RUNPATH_SEARCH_PATHS = "$(inherited) @executable_path/Frameworks @loader_path/Frameworks";
				PRODUCT_NAME = "$(TARGET_NAME)";
				TEST_HOST = "$(BUILT_PRODUCTS_DIR)/MCMS.app/MCMS";
			};
			name = Release;
		};
/* End XCBuildConfiguration section */

/* Begin XCConfigurationList section */
		81DD9F9A19E46DCF00D8FB63 /* Build configuration list for PBXProject "MCMS" */ = {
			isa = XCConfigurationList;
			buildConfigurations = (
				81DD9FC019E46DCF00D8FB63 /* Debug */,
				81DD9FC119E46DCF00D8FB63 /* Release */,
			);
			defaultConfigurationIsVisible = 0;
			defaultConfigurationName = Release;
		};
		81DD9FC219E46DCF00D8FB63 /* Build configuration list for PBXNativeTarget "MCMS" */ = {
			isa = XCConfigurationList;
			buildConfigurations = (
				81DD9FC319E46DCF00D8FB63 /* Debug */,
				81DD9FC419E46DCF00D8FB63 /* Release */,
			);
			defaultConfigurationIsVisible = 0;
		};
		81DD9FC519E46DCF00D8FB63 /* Build configuration list for PBXNativeTarget "MCMSTests" */ = {
			isa = XCConfigurationList;
			buildConfigurations = (
				81DD9FC619E46DCF00D8FB63 /* Debug */,
				81DD9FC719E46DCF00D8FB63 /* Release */,
			);
			defaultConfigurationIsVisible = 0;
		};
/* End XCConfigurationList section */
	};
	rootObject = 81DD9F9719E46DCF00D8FB63 /* Project object */;
}
